
Microsoft Visual Studio Solution File, Format Version 12.00
# Visual Studio 15
VisualStudioVersion = 15.0.28307.271
MinimumVisualStudioVersion = 10.0.40219.1
Project("{FAE04EC0-301F-11D3-BF4B-00C04F79EFBC}") = "DuckCreek.BranchManagerApp", "DuckCreek.BranchManagerApp\DuckCreek.BranchManagerApp.csproj", "{4A6A2A2F-1269-4BDF-97B4-98173CFF0819}"
EndProject
Global
	GlobalSection(SolutionConfigurationPlatforms) = preSolution
		Debug|Any CPU = Debug|Any CPU
		Release|Any CPU = Release|Any CPU
	EndGlobalSection
	GlobalSection(ProjectConfigurationPlatforms) = postSolution
		{4A6A2A2F-1269-4BDF-97B4-98173CFF0819}.Debug|Any CPU.ActiveCfg = Debug|Any CPU
		{4A6A2A2F-1269-4BDF-97B4-98173CFF0819}.Debug|Any CPU.Build.0 = Debug|Any CPU
		{4A6A2A2F-1269-4BDF-97B4-98173CFF0819}.Release|Any CPU.ActiveCfg = Release|Any CPU
		{4A6A2A2F-1269-4BDF-97B4-98173CFF0819}.Release|Any CPU.Build.0 = Release|Any CPU
	EndGlobalSection
	GlobalSection(SolutionProperties) = preSolution
		HideSolutionNode = FALSE
	EndGlobalSection
	GlobalSection(ExtensibilityGlobals) = postSolution
		SolutionGuid = {28FEBC60-24C9-4FAC-BD70-B15A17B5CAB6}
	EndGlobalSection
EndGlobal
